
Microsoft Visual Studio Solution File, Format Version 12.00
# Visual Studio 15
VisualStudioVersion = 15.0.27703.2042
MinimumVisualStudioVersion = 10.0.40219.1
Project("{FAE04EC0-301F-11D3-BF4B-00C04F79EFBC}") = "DapperStudents.ConsoleApp", "DapperStudents\DapperStudents.ConsoleApp.csproj", "{378D0133-FF5F-4C69-AA00-F62449189C76}"
EndProject
Project("{FAE04EC0-301F-11D3-BF4B-00C04F79EFBC}") = "DapperStudents.Models", "DapperStudents.Models\DapperStudents.Models.csproj", "{9DB5A979-5061-4F0E-9C5E-02B7D17B2465}"
EndProject
Project("{FAE04EC0-301F-11D3-BF4B-00C04F79EFBC}") = "DapperStudents.DataAccess", "DapperStudents.DataAccess\DapperStudents.DataAccess.csproj", "{68159EAC-702E-491F-9361-BCDF419A3851}"
EndProject
Global
	GlobalSection(SolutionConfigurationPlatforms) = preSolution
		Debug|Any CPU = Debug|Any CPU
		Release|Any CPU = Release|Any CPU
	EndGlobalSection
	GlobalSection(ProjectConfigurationPlatforms) = postSolution
		{378D0133-FF5F-4C69-AA00-F62449189C76}.Debug|Any CPU.ActiveCfg = Debug|Any CPU
		{378D0133-FF5F-4C69-AA00-F62449189C76}.Debug|Any CPU.Build.0 = Debug|Any CPU
		{378D0133-FF5F-4C69-AA00-F62449189C76}.Release|Any CPU.ActiveCfg = Release|Any CPU
		{378D0133-FF5F-4C69-AA00-F62449189C76}.Release|Any CPU.Build.0 = Release|Any CPU
		{9DB5A979-5061-4F0E-9C5E-02B7D17B2465}.Debug|Any CPU.ActiveCfg = Debug|Any CPU
		{9DB5A979-5061-4F0E-9C5E-02B7D17B2465}.Debug|Any CPU.Build.0 = Debug|Any CPU
		{9DB5A979-5061-4F0E-9C5E-02B7D17B2465}.Release|Any CPU.ActiveCfg = Release|Any CPU
		{9DB5A979-5061-4F0E-9C5E-02B7D17B2465}.Release|Any CPU.Build.0 = Release|Any CPU
		{68159EAC-702E-491F-9361-BCDF419A3851}.Debug|Any CPU.ActiveCfg = Debug|Any CPU
		{68159EAC-702E-491F-9361-BCDF419A3851}.Debug|Any CPU.Build.0 = Debug|Any CPU
		{68159EAC-702E-491F-9361-BCDF419A3851}.Release|Any CPU.ActiveCfg = Release|Any CPU
		{68159EAC-702E-491F-9361-BCDF419A3851}.Release|Any CPU.Build.0 = Release|Any CPU
	EndGlobalSection
	GlobalSection(SolutionProperties) = preSolution
		HideSolutionNode = FALSE
	EndGlobalSection
	GlobalSection(ExtensibilityGlobals) = postSolution
		SolutionGuid = {5AB25867-BB1C-4FA7-BC02-A74F3A7961B9}
	EndGlobalSection
EndGlobal
